
Microsoft Visual Studio Solution File, Format Version 12.00
# Visual Studio 15
VisualStudioVersion = 15.0.27130.2036
MinimumVisualStudioVersion = 10.0.40219.1
Project("{FAE04EC0-301F-11D3-BF4B-00C04F79EFBC}") = "Deliverable1_AnnaBaseley", "Deliverable1_AnnaBaseley\Deliverable1_AnnaBaseley.csproj", "{9F1447D2-316E-46DD-BA50-3358B82E71EB}"
EndProject
Global
	GlobalSection(SolutionConfigurationPlatforms) = preSolution
		Debug|Any CPU = Debug|Any CPU
		Release|Any CPU = Release|Any CPU
	EndGlobalSection
	GlobalSection(ProjectConfigurationPlatforms) = postSolution
		{9F1447D2-316E-46DD-BA50-3358B82E71EB}.Debug|Any CPU.ActiveCfg = Debug|Any CPU
		{9F1447D2-316E-46DD-BA50-3358B82E71EB}.Debug|Any CPU.Build.0 = Debug|Any CPU
		{9F1447D2-316E-46DD-BA50-3358B82E71EB}.Release|Any CPU.ActiveCfg = Release|Any CPU
		{9F1447D2-316E-46DD-BA50-3358B82E71EB}.Release|Any CPU.Build.0 = Release|Any CPU
	EndGlobalSection
	GlobalSection(SolutionProperties) = preSolution
		HideSolutionNode = FALSE
	EndGlobalSection
	GlobalSection(ExtensibilityGlobals) = postSolution
		SolutionGuid = {796824DF-FD9F-4B2E-88DB-7345799B315B}
	EndGlobalSection
EndGlobal
